// !$*UTF8*$!
{
	archiveVersion = 1;
	classes = {
	};
	objectVersion = 46;
	objects = {

/* Begin PBXBuildFile section */
		4A5883761A9E677B00FBFC84 /* main.m in Sources */ = {isa = PBXBuildFile; fileRef = 4A5883751A9E677B00FBFC84 /* main.m */; };
		4A5883791A9E677B00FBFC84 /* AppDelegate.m in Sources */ = {isa = PBXBuildFile; fileRef = 4A5883781A9E677B00FBFC84 /* AppDelegate.m */; };
		4A58837F1A9E677B00FBFC84 /* Main.storyboard in Resources */ = {isa = PBXBuildFile; fileRef = 4A58837D1A9E677B00FBFC84 /* Main.storyboard */; };
		4A5883811A9E677B00FBFC84 /* Images.xcassets in Resources */ = {isa = PBXBuildFile; fileRef = 4A5883801A9E677B00FBFC84 /* Images.xcassets */; };
		4A5883841A9E677B00FBFC84 /* LaunchScreen.xib in Resources */ = {isa = PBXBuildFile; fileRef = 4A5883821A9E677B00FBFC84 /* LaunchScreen.xib */; };
		4A5883901A9E677B00FBFC84 /* AutoFix_MVPTests.m in Sources */ = {isa = PBXBuildFile; fileRef = 4A58838F1A9E677B00FBFC84 /* AutoFix_MVPTests.m */; };
		4A58839B1A9E679600FBFC84 /* WaiverViewController.m in Sources */ = {isa = PBXBuildFile; fileRef = 4A58839A1A9E679600FBFC84 /* WaiverViewController.m */; };
		4A58839E1A9E6DFD00FBFC84 /* MainMenuViewController.m in Sources */ = {isa = PBXBuildFile; fileRef = 4A58839D1A9E6DFD00FBFC84 /* MainMenuViewController.m */; };
		4A5883A11A9E743700FBFC84 /* TireChangeViewController.m in Sources */ = {isa = PBXBuildFile; fileRef = 4A5883A01A9E743700FBFC84 /* TireChangeViewController.m */; };
		4A5883A71A9E76AB00FBFC84 /* CustomInstructions.m in Sources */ = {isa = PBXBuildFile; fileRef = 4A5883A61A9E76AB00FBFC84 /* CustomInstructions.m */; };
		4A5883AA1A9E78FE00FBFC84 /* TireDetailViewController.m in Sources */ = {isa = PBXBuildFile; fileRef = 4A5883A91A9E78FE00FBFC84 /* TireDetailViewController.m */; };
/* End PBXBuildFile section */

/* Begin PBXContainerItemProxy section */
		4A58838A1A9E677B00FBFC84 /* PBXContainerItemProxy */ = {
			isa = PBXContainerItemProxy;
			containerPortal = 4A5883681A9E677B00FBFC84 /* Project object */;
			proxyType = 1;
			remoteGlobalIDString = 4A58836F1A9E677B00FBFC84;
			remoteInfo = AutoFix_MVP;
		};
/* End PBXContainerItemProxy section */

/* Begin PBXFileReference section */
		4A5883701A9E677B00FBFC84 /* AutoFix_MVP.app */ = {isa = PBXFileReference; explicitFileType = wrapper.application; includeInIndex = 0; path = AutoFix_MVP.app; sourceTree = BUILT_PRODUCTS_DIR; };
		4A5883741A9E677B00FBFC84 /* Info.plist */ = {isa = PBXFileReference; lastKnownFileType = text.plist.xml; path = Info.plist; sourceTree = "<group>"; };
		4A5883751A9E677B00FBFC84 /* main.m */ = {isa = PBXFileReference; lastKnownFileType = sourcecode.c.objc; path = main.m; sourceTree = "<group>"; };
		4A5883771A9E677B00FBFC84 /* AppDelegate.h */ = {isa = PBXFileReference; lastKnownFileType = sourcecode.c.h; path = AppDelegate.h; sourceTree = "<group>"; };
		4A5883781A9E677B00FBFC84 /* AppDelegate.m */ = {isa = PBXFileReference; lastKnownFileType = sourcecode.c.objc; path = AppDelegate.m; sourceTree = "<group>"; };
		4A58837E1A9E677B00FBFC84 /* Base */ = {isa = PBXFileReference; lastKnownFileType = file.storyboard; name = Base; path = Base.lproj/Main.storyboard; sourceTree = "<group>"; };
		4A5883801A9E677B00FBFC84 /* Images.xcassets */ = {isa = PBXFileReference; lastKnownFileType = folder.assetcatalog; path = Images.xcassets; sourceTree = "<group>"; };
		4A5883831A9E677B00FBFC84 /* Base */ = {isa = PBXFileReference; lastKnownFileType = file.xib; name = Base; path = Base.lproj/LaunchScreen.xib; sourceTree = "<group>"; };
		4A5883891A9E677B00FBFC84 /* AutoFix_MVPTests.xctest */ = {isa = PBXFileReference; explicitFileType = wrapper.cfbundle; includeInIndex = 0; path = AutoFix_MVPTests.xctest; sourceTree = BUILT_PRODUCTS_DIR; };
		4A58838E1A9E677B00FBFC84 /* Info.plist */ = {isa = PBXFileReference; lastKnownFileType = text.plist.xml; path = Info.plist; sourceTree = "<group>"; };
		4A58838F1A9E677B00FBFC84 /* AutoFix_MVPTests.m */ = {isa = PBXFileReference; lastKnownFileType = sourcecode.c.objc; path = AutoFix_MVPTests.m; sourceTree = "<group>"; };
		4A5883991A9E679600FBFC84 /* WaiverViewController.h */ = {isa = PBXFileReference; fileEncoding = 4; lastKnownFileType = sourcecode.c.h; path = WaiverViewController.h; sourceTree = "<group>"; };
		4A58839A1A9E679600FBFC84 /* WaiverViewController.m */ = {isa = PBXFileReference; fileEncoding = 4; lastKnownFileType = sourcecode.c.objc; path = WaiverViewController.m; sourceTree = "<group>"; };
		4A58839C1A9E6DFD00FBFC84 /* MainMenuViewController.h */ = {isa = PBXFileReference; fileEncoding = 4; lastKnownFileType = sourcecode.c.h; path = MainMenuViewController.h; sourceTree = "<group>"; };
		4A58839D1A9E6DFD00FBFC84 /* MainMenuViewController.m */ = {isa = PBXFileReference; fileEncoding = 4; lastKnownFileType = sourcecode.c.objc; path = MainMenuViewController.m; sourceTree = "<group>"; };
		4A58839F1A9E743700FBFC84 /* TireChangeViewController.h */ = {isa = PBXFileReference; fileEncoding = 4; lastKnownFileType = sourcecode.c.h; path = TireChangeViewController.h; sourceTree = "<group>"; };
		4A5883A01A9E743700FBFC84 /* TireChangeViewController.m */ = {isa = PBXFileReference; fileEncoding = 4; lastKnownFileType = sourcecode.c.objc; path = TireChangeViewController.m; sourceTree = "<group>"; };
		4A5883A51A9E76AB00FBFC84 /* CustomInstructions.h */ = {isa = PBXFileReference; fileEncoding = 4; lastKnownFileType = sourcecode.c.h; path = CustomInstructions.h; sourceTree = "<group>"; };
		4A5883A61A9E76AB00FBFC84 /* CustomInstructions.m */ = {isa = PBXFileReference; fileEncoding = 4; lastKnownFileType = sourcecode.c.objc; path = CustomInstructions.m; sourceTree = "<group>"; };
		4A5883A81A9E78FE00FBFC84 /* TireDetailViewController.h */ = {isa = PBXFileReference; fileEncoding = 4; lastKnownFileType = sourcecode.c.h; path = TireDetailViewController.h; sourceTree = "<group>"; };
		4A5883A91A9E78FE00FBFC84 /* TireDetailViewController.m */ = {isa = PBXFileReference; fileEncoding = 4; lastKnownFileType = sourcecode.c.objc; path = TireDetailViewController.m; sourceTree = "<group>"; };
/* End PBXFileReference section */

/* Begin PBXFrameworksBuildPhase section */
		4A58836D1A9E677B00FBFC84 /* Frameworks */ = {
			isa = PBXFrameworksBuildPhase;
			buildActionMask = 2147483647;
			files = (
			);
			runOnlyForDeploymentPostprocessing = 0;
		};
		4A5883861A9E677B00FBFC84 /* Frameworks */ = {
			isa = PBXFrameworksBuildPhase;
			buildActionMask = 2147483647;
			files = (
			);
			runOnlyForDeploymentPostprocessing = 0;
		};
/* End PBXFrameworksBuildPhase section */

/* Begin PBXGroup section */
		4A5883671A9E677B00FBFC84 = {
			isa = PBXGroup;
			children = (
				4A5883721A9E677B00FBFC84 /* AutoFix_MVP */,
				4A58838C1A9E677B00FBFC84 /* AutoFix_MVPTests */,
				4A5883711A9E677B00FBFC84 /* Products */,
			);
			sourceTree = "<group>";
		};
		4A5883711A9E677B00FBFC84 /* Products */ = {
			isa = PBXGroup;
			children = (
				4A5883701A9E677B00FBFC84 /* AutoFix_MVP.app */,
				4A5883891A9E677B00FBFC84 /* AutoFix_MVPTests.xctest */,
			);
			name = Products;
			sourceTree = "<group>";
		};
		4A5883721A9E677B00FBFC84 /* AutoFix_MVP */ = {
			isa = PBXGroup;
			children = (
				4A5883771A9E677B00FBFC84 /* AppDelegate.h */,
				4A5883781A9E677B00FBFC84 /* AppDelegate.m */,
				4A5883991A9E679600FBFC84 /* WaiverViewController.h */,
				4A58839A1A9E679600FBFC84 /* WaiverViewController.m */,
				4A58839C1A9E6DFD00FBFC84 /* MainMenuViewController.h */,
				4A58839D1A9E6DFD00FBFC84 /* MainMenuViewController.m */,
				4A58839F1A9E743700FBFC84 /* TireChangeViewController.h */,
				4A5883A01A9E743700FBFC84 /* TireChangeViewController.m */,
				4A5883A81A9E78FE00FBFC84 /* TireDetailViewController.h */,
				4A5883A91A9E78FE00FBFC84 /* TireDetailViewController.m */,
				4A5883A51A9E76AB00FBFC84 /* CustomInstructions.h */,
				4A5883A61A9E76AB00FBFC84 /* CustomInstructions.m */,
				4A58837D1A9E677B00FBFC84 /* Main.storyboard */,
				4A5883801A9E677B00FBFC84 /* Images.xcassets */,
				4A5883821A9E677B00FBFC84 /* LaunchScreen.xib */,
				4A5883731A9E677B00FBFC84 /* Supporting Files */,
			);
			path = AutoFix_MVP;
			sourceTree = "<group>";
		};
		4A5883731A9E677B00FBFC84 /* Supporting Files */ = {
			isa = PBXGroup;
			children = (
				4A5883741A9E677B00FBFC84 /* Info.plist */,
				4A5883751A9E677B00FBFC84 /* main.m */,
			);
			name = "Supporting Files";
			sourceTree = "<group>";
		};
		4A58838C1A9E677B00FBFC84 /* AutoFix_MVPTests */ = {
			isa = PBXGroup;
			children = (
				4A58838F1A9E677B00FBFC84 /* AutoFix_MVPTests.m */,
				4A58838D1A9E677B00FBFC84 /* Supporting Files */,
			);
			path = AutoFix_MVPTests;
			sourceTree = "<group>";
		};
		4A58838D1A9E677B00FBFC84 /* Supporting Files */ = {
			isa = PBXGroup;
			children = (
				4A58838E1A9E677B00FBFC84 /* Info.plist */,
			);
			name = "Supporting Files";
			sourceTree = "<group>";
		};
/* End PBXGroup section */

/* Begin PBXNativeTarget section */
		4A58836F1A9E677B00FBFC84 /* AutoFix_MVP */ = {
			isa = PBXNativeTarget;
			buildConfigurationList = 4A5883931A9E677B00FBFC84 /* Build configuration list for PBXNativeTarget "AutoFix_MVP" */;
			buildPhases = (
				4A58836C1A9E677B00FBFC84 /* Sources */,
				4A58836D1A9E677B00FBFC84 /* Frameworks */,
				4A58836E1A9E677B00FBFC84 /* Resources */,
			);
			buildRules = (
			);
			dependencies = (
			);
			name = AutoFix_MVP;
			productName = AutoFix_MVP;
			productReference = 4A5883701A9E677B00FBFC84 /* AutoFix_MVP.app */;
			productType = "com.apple.product-type.application";
		};
		4A5883881A9E677B00FBFC84 /* AutoFix_MVPTests */ = {
			isa = PBXNativeTarget;
			buildConfigurationList = 4A5883961A9E677B00FBFC84 /* Build configuration list for PBXNativeTarget "AutoFix_MVPTests" */;
			buildPhases = (
				4A5883851A9E677B00FBFC84 /* Sources */,
				4A5883861A9E677B00FBFC84 /* Frameworks */,
				4A5883871A9E677B00FBFC84 /* Resources */,
			);
			buildRules = (
			);
			dependencies = (
				4A58838B1A9E677B00FBFC84 /* PBXTargetDependency */,
			);
			name = AutoFix_MVPTests;
			productName = AutoFix_MVPTests;
			productReference = 4A5883891A9E677B00FBFC84 /* AutoFix_MVPTests.xctest */;
			productType = "com.apple.product-type.bundle.unit-test";
		};
/* End PBXNativeTarget section */

/* Begin PBXProject section */
		4A5883681A9E677B00FBFC84 /* Project object */ = {
			isa = PBXProject;
			attributes = {
				LastUpgradeCheck = 0610;
				ORGANIZATIONNAME = "Harrison Ferrone";
				TargetAttributes = {
					4A58836F1A9E677B00FBFC84 = {
						CreatedOnToolsVersion = 6.1.1;
						DevelopmentTeam = 7864Y9RXSY;
					};
					4A5883881A9E677B00FBFC84 = {
						CreatedOnToolsVersion = 6.1.1;
						TestTargetID = 4A58836F1A9E677B00FBFC84;
					};
				};
			};
			buildConfigurationList = 4A58836B1A9E677B00FBFC84 /* Build configuration list for PBXProject "AutoFix_MVP" */;
			compatibilityVersion = "Xcode 3.2";
			developmentRegion = English;
			hasScannedForEncodings = 0;
			knownRegions = (
				en,
				Base,
			);
			mainGroup = 4A5883671A9E677B00FBFC84;
			productRefGroup = 4A5883711A9E677B00FBFC84 /* Products */;
			projectDirPath = "";
			projectRoot = "";
			targets = (
				4A58836F1A9E677B00FBFC84 /* AutoFix_MVP */,
				4A5883881A9E677B00FBFC84 /* AutoFix_MVPTests */,
			);
		};
/* End PBXProject section */

/* Begin PBXResourcesBuildPhase section */
		4A58836E1A9E677B00FBFC84 /* Resources */ = {
			isa = PBXResourcesBuildPhase;
			buildActionMask = 2147483647;
			files = (
				4A58837F1A9E677B00FBFC84 /* Main.storyboard in Resources */,
				4A5883841A9E677B00FBFC84 /* LaunchScreen.xib in Resources */,
				4A5883811A9E677B00FBFC84 /* Images.xcassets in Resources */,
			);
			runOnlyForDeploymentPostprocessing = 0;
		};
		4A5883871A9E677B00FBFC84 /* Resources */ = {
			isa = PBXResourcesBuildPhase;
			buildActionMask = 2147483647;
			files = (
			);
			runOnlyForDeploymentPostprocessing = 0;
		};
/* End PBXResourcesBuildPhase section */

/* Begin PBXSourcesBuildPhase section */
		4A58836C1A9E677B00FBFC84 /* Sources */ = {
			isa = PBXSourcesBuildPhase;
			buildActionMask = 2147483647;
			files = (
				4A5883AA1A9E78FE00FBFC84 /* TireDetailViewController.m in Sources */,
				4A5883A11A9E743700FBFC84 /* TireChangeViewController.m in Sources */,
				4A58839E1A9E6DFD00FBFC84 /* MainMenuViewController.m in Sources */,
				4A5883791A9E677B00FBFC84 /* AppDelegate.m in Sources */,
				4A5883A71A9E76AB00FBFC84 /* CustomInstructions.m in Sources */,
				4A58839B1A9E679600FBFC84 /* WaiverViewController.m in Sources */,
				4A5883761A9E677B00FBFC84 /* main.m in Sources */,
			);
			runOnlyForDeploymentPostprocessing = 0;
		};
		4A5883851A9E677B00FBFC84 /* Sources */ = {
			isa = PBXSourcesBuildPhase;
			buildActionMask = 2147483647;
			files = (
				4A5883901A9E677B00FBFC84 /* AutoFix_MVPTests.m in Sources */,
			);
			runOnlyForDeploymentPostprocessing = 0;
		};
/* End PBXSourcesBuildPhase section */

/* Begin PBXTargetDependency section */
		4A58838B1A9E677B00FBFC84 /* PBXTargetDependency */ = {
			isa = PBXTargetDependency;
			target = 4A58836F1A9E677B00FBFC84 /* AutoFix_MVP */;
			targetProxy = 4A58838A1A9E677B00FBFC84 /* PBXContainerItemProxy */;
		};
/* End PBXTargetDependency section */

/* Begin PBXVariantGroup section */
		4A58837D1A9E677B00FBFC84 /* Main.storyboard */ = {
			isa = PBXVariantGroup;
			children = (
				4A58837E1A9E677B00FBFC84 /* Base */,
			);
			name = Main.storyboard;
			sourceTree = "<group>";
		};
		4A5883821A9E677B00FBFC84 /* LaunchScreen.xib */ = {
			isa = PBXVariantGroup;
			children = (
				4A5883831A9E677B00FBFC84 /* Base */,
			);
			name = LaunchScreen.xib;
			sourceTree = "<group>";
		};
/* End PBXVariantGroup section */

/* Begin XCBuildConfiguration section */
		4A5883911A9E677B00FBFC84 /* Debug */ = {
			isa = XCBuildConfiguration;
			buildSettings = {
				ALWAYS_SEARCH_USER_PATHS = NO;
				CLANG_CXX_LANGUAGE_STANDARD = "gnu++0x";
				CLANG_CXX_LIBRARY = "libc++";
				CLANG_ENABLE_MODULES = YES;
				CLANG_ENABLE_OBJC_ARC = YES;
				CLANG_WARN_BOOL_CONVERSION = YES;
				CLANG_WARN_CONSTANT_CONVERSION = YES;
				CLANG_WARN_DIRECT_OBJC_ISA_USAGE = YES_ERROR;
				CLANG_WARN_EMPTY_BODY = YES;
				CLANG_WARN_ENUM_CONVERSION = YES;
				CLANG_WARN_INT_CONVERSION = YES;
				CLANG_WARN_OBJC_ROOT_CLASS = YES_ERROR;
				CLANG_WARN_UNREACHABLE_CODE = YES;
				CLANG_WARN__DUPLICATE_METHOD_MATCH = YES;
				"CODE_SIGN_IDENTITY[sdk=iphoneos*]" = "iPhone Developer";
				COPY_PHASE_STRIP = NO;
				ENABLE_STRICT_OBJC_MSGSEND = YES;
				GCC_C_LANGUAGE_STANDARD = gnu99;
				GCC_DYNAMIC_NO_PIC = NO;
				GCC_OPTIMIZATION_LEVEL = 0;
				GCC_PREPROCESSOR_DEFINITIONS = (
					"DEBUG=1",
					"$(inherited)",
				);
				GCC_SYMBOLS_PRIVATE_EXTERN = NO;
				GCC_WARN_64_TO_32_BIT_CONVERSION = YES;
				GCC_WARN_ABOUT_RETURN_TYPE = YES_ERROR;
				GCC_WARN_UNDECLARED_SELECTOR = YES;
				GCC_WARN_UNINITIALIZED_AUTOS = YES_AGGRESSIVE;
				GCC_WARN_UNUSED_FUNCTION = YES;
				GCC_WARN_UNUSED_VARIABLE = YES;
				IPHONEOS_DEPLOYMENT_TARGET = 8.1;
				MTL_ENABLE_DEBUG_INFO = YES;
				ONLY_ACTIVE_ARCH = YES;
				SDKROOT = iphoneos;
				TARGETED_DEVICE_FAMILY = "1,2";
			};
			name = Debug;
		};
		4A5883921A9E677B00FBFC84 /* Release */ = {
			isa = XCBuildConfiguration;
			buildSettings = {
				ALWAYS_SEARCH_USER_PATHS = NO;
				CLANG_CXX_LANGUAGE_STANDARD = "gnu++0x";
				CLANG_CXX_LIBRARY = "libc++";
				CLANG_ENABLE_MODULES = YES;
				CLANG_ENABLE_OBJC_ARC = YES;
				CLANG_WARN_BOOL_CONVERSION = YES;
				CLANG_WARN_CONSTANT_CONVERSION = YES;
				CLANG_WARN_DIRECT_OBJC_ISA_USAGE = YES_ERROR;
				CLANG_WARN_EMPTY_BODY = YES;
				CLANG_WARN_ENUM_CONVERSION = YES;
				CLANG_WARN_INT_CONVERSION = YES;
				CLANG_WARN_OBJC_ROOT_CLASS = YES_ERROR;
				CLANG_WARN_UNREACHABLE_CODE = YES;
				CLANG_WARN__DUPLICATE_METHOD_MATCH = YES;
				"CODE_SIGN_IDENTITY[sdk=iphoneos*]" = "iPhone Developer";
				COPY_PHASE_STRIP = YES;
				ENABLE_NS_ASSERTIONS = NO;
				ENABLE_STRICT_OBJC_MSGSEND = YES;
				GCC_C_LANGUAGE_STANDARD = gnu99;
				GCC_WARN_64_TO_32_BIT_CONVERSION = YES;
				GCC_WARN_ABOUT_RETURN_TYPE = YES_ERROR;
				GCC_WARN_UNDECLARED_SELECTOR = YES;
				GCC_WARN_UNINITIALIZED_AUTOS = YES_AGGRESSIVE;
				GCC_WARN_UNUSED_FUNCTION = YES;
				GCC_WARN_UNUSED_VARIABLE = YES;
				IPHONEOS_DEPLOYMENT_TARGET = 8.1;
				MTL_ENABLE_DEBUG_INFO = NO;
				SDKROOT = iphoneos;
				TARGETED_DEVICE_FAMILY = "1,2";
				VALIDATE_PRODUCT = YES;
			};
			name = Release;
		};
		4A5883941A9E677B00FBFC84 /* Debug */ = {
			isa = XCBuildConfiguration;
			buildSettings = {
				ASSETCATALOG_COMPILER_APPICON_NAME = AppIcon;
				CODE_SIGN_IDENTITY = "iPhone Developer";
				INFOPLIST_FILE = AutoFix_MVP/Info.plist;
				LD_RUNPATH_SEARCH_PATHS = "$(inherited) @executable_path/Frameworks";
				PRODUCT_NAME = "$(TARGET_NAME)";
			};
			name = Debug;
		};
		4A5883951A9E677B00FBFC84 /* Release */ = {
			isa = XCBuildConfiguration;
			buildSettings = {
				ASSETCATALOG_COMPILER_APPICON_NAME = AppIcon;
				CODE_SIGN_IDENTITY = "iPhone Developer";
				INFOPLIST_FILE = AutoFix_MVP/Info.plist;
				LD_RUNPATH_SEARCH_PATHS = "$(inherited) @executable_path/Frameworks";
				PRODUCT_NAME = "$(TARGET_NAME)";
			};
			name = Release;
		};
		4A5883971A9E677B00FBFC84 /* Debug */ = {
			isa = XCBuildConfiguration;
			buildSettings = {
				BUNDLE_LOADER = "$(TEST_HOST)";
				FRAMEWORK_SEARCH_PATHS = (
					"$(SDKROOT)/Developer/Library/Frameworks",
					"$(inherited)",
				);
				GCC_PREPROCESSOR_DEFINITIONS = (
					"DEBUG=1",
					"$(inherited)",
				);
				INFOPLIST_FILE = AutoFix_MVPTests/Info.plist;
				LD_RUNPATH_SEARCH_PATHS = "$(inherited) @executable_path/Frameworks @loader_path/Frameworks";
				PRODUCT_NAME = "$(TARGET_NAME)";
				TEST_HOST = "$(BUILT_PRODUCTS_DIR)/AutoFix_MVP.app/AutoFix_MVP";
			};
			name = Debug;
		};
		4A5883981A9E677B00FBFC84 /* Release */ = {
			isa = XCBuildConfiguration;
			buildSettings = {
				BUNDLE_LOADER = "$(TEST_HOST)";
				FRAMEWORK_SEARCH_PATHS = (
					"$(SDKROOT)/Developer/Library/Frameworks",
					"$(inherited)",
				);
				INFOPLIST_FILE = AutoFix_MVPTests/Info.plist;
				LD_RUNPATH_SEARCH_PATHS = "$(inherited) @executable_path/Frameworks @loader_path/Frameworks";
				PRODUCT_NAME = "$(TARGET_NAME)";
				TEST_HOST = "$(BUILT_PRODUCTS_DIR)/AutoFix_MVP.app/AutoFix_MVP";
			};
			name = Release;
		};
/* End XCBuildConfiguration section */

/* Begin XCConfigurationList section */
		4A58836B1A9E677B00FBFC84 /* Build configuration list for PBXProject "AutoFix_MVP" */ = {
			isa = XCConfigurationList;
			buildConfigurations = (
				4A5883911A9E677B00FBFC84 /* Debug */,
				4A5883921A9E677B00FBFC84 /* Release */,
			);
			defaultConfigurationIsVisible = 0;
			defaultConfigurationName = Release;
		};
		4A5883931A9E677B00FBFC84 /* Build configuration list for PBXNativeTarget "AutoFix_MVP" */ = {
			isa = XCConfigurationList;
			buildConfigurations = (
				4A5883941A9E677B00FBFC84 /* Debug */,
				4A5883951A9E677B00FBFC84 /* Release */,
			);
			defaultConfigurationIsVisible = 0;
		};
		4A5883961A9E677B00FBFC84 /* Build configuration list for PBXNativeTarget "AutoFix_MVPTests" */ = {
			isa = XCConfigurationList;
			buildConfigurations = (
				4A5883971A9E677B00FBFC84 /* Debug */,
				4A5883981A9E677B00FBFC84 /* Release */,
			);
			defaultConfigurationIsVisible = 0;
		};
/* End XCConfigurationList section */
	};
	rootObject = 4A5883681A9E677B00FBFC84 /* Project object */;
}
